
Microsoft Visual Studio Solution File, Format Version 12.00
# Visual Studio Version 17
VisualStudioVersion = 17.14.37314.3 d17.14
MinimumVisualStudioVersion = 10.0.40219.1
Project("{FAE04EC0-301F-11D3-BF4B-00C04F79EFBC}") = "Punto1", "Punto1\Punto1.csproj", "{AAB65545-2A53-4F02-8ED3-970E89D9A687}"
EndProject
Project("{FAE04EC0-301F-11D3-BF4B-00C04F79EFBC}") = "Punto2", "Punto2\Punto2.csproj", "{BD8697A2-128B-43B4-8EA8-CAB67DE6C8C8}"
EndProject
Project("{FAE04EC0-301F-11D3-BF4B-00C04F79EFBC}") = "Punto3", "Punto3\Punto3.csproj", "{20AABA8A-64CF-420C-9B9E-3E94198F0A15}"
EndProject
Global
	GlobalSection(SolutionConfigurationPlatforms) = preSolution
		Debug|Any CPU = Debug|Any CPU
		Release|Any CPU = Release|Any CPU
	EndGlobalSection
	GlobalSection(ProjectConfigurationPlatforms) = postSolution
		{AAB65545-2A53-4F02-8ED3-970E89D9A687}.Debug|Any CPU.ActiveCfg = Debug|Any CPU
		{AAB65545-2A53-4F02-8ED3-970E89D9A687}.Debug|Any CPU.Build.0 = Debug|Any CPU
		{AAB65545-2A53-4F02-8ED3-970E89D9A687}.Release|Any CPU.ActiveCfg = Release|Any CPU
		{AAB65545-2A53-4F02-8ED3-970E89D9A687}.Release|Any CPU.Build.0 = Release|Any CPU
		{BD8697A2-128B-43B4-8EA8-CAB67DE6C8C8}.Debug|Any CPU.ActiveCfg = Debug|Any CPU
		{BD8697A2-128B-43B4-8EA8-CAB67DE6C8C8}.Debug|Any CPU.Build.0 = Debug|Any CPU
		{BD8697A2-128B-43B4-8EA8-CAB67DE6C8C8}.Release|Any CPU.ActiveCfg = Release|Any CPU
		{BD8697A2-128B-43B4-8EA8-CAB67DE6C8C8}.Release|Any CPU.Build.0 = Release|Any CPU
		{20AABA8A-64CF-420C-9B9E-3E94198F0A15}.Debug|Any CPU.ActiveCfg = Debug|Any CPU
		{20AABA8A-64CF-420C-9B9E-3E94198F0A15}.Debug|Any CPU.Build.0 = Debug|Any CPU
		{20AABA8A-64CF-420C-9B9E-3E94198F0A15}.Release|Any CPU.ActiveCfg = Release|Any CPU
		{20AABA8A-64CF-420C-9B9E-3E94198F0A15}.Release|Any CPU.Build.0 = Release|Any CPU
	EndGlobalSection
	GlobalSection(SolutionProperties) = preSolution
		HideSolutionNode = FALSE
	EndGlobalSection
	GlobalSection(ExtensibilityGlobals) = postSolution
		SolutionGuid = {B1777569-CB7D-47A9-8329-14D086A8E824}
	EndGlobalSection
EndGlobal
