<Solution>
  <Project Path="punto1/punto1.csproj" Id="81acccfc-c29c-41d1-b28f-f9c759d335ea" />
  <Project Path="punto2/punto2.csproj" Id="81977af3-114d-485f-9c5b-06f99b7bd759" />
  <Project Path="punto3/punto3.csproj" Id="e966830f-f588-4a35-a740-5869077ab872" />
  <Project Path="punto4/punto4.csproj" Id="8da132b1-16e5-4b33-a1ce-58ae50f03d06" />
  <Project Path="punto5/punto5.csproj" Id="7760e53a-f2cc-4afe-ac06-b475c89ae9b3" />
  <Project Path="Punto6/Punto6.csproj" Id="d6245fb2-ceef-4d49-a365-e87493b75d45" />
</Solution>
