<Solution>
  <Project Path="Punto 1/Punto 1.csproj" Id="9ad73c21-ac4d-43a5-b9c5-9fb33b4e48a3" />
  <Project Path="Punto 2/Punto 2.csproj" Id="2926c717-f340-47ca-b2e4-4797b51c635c" />
  <Project Path="Punto 4/Punto 4.csproj" Id="47f7a118-9616-4203-8107-5c1c39942b81" />
  <Project Path="Punto5/Punto5.csproj" Id="add79320-2f0b-4105-892f-feb8e0c0d91c" />
  <Project Path="Putno 3/Putno 3.csproj" Id="53ac986c-dc2f-40bc-a3a0-65ca24902977" />
</Solution>
