<Solution>
  <Project Path="Punto1/Punto1.csproj" Id="b31ab6e2-cc57-427d-ab5b-1e6b914149e5" />
  <Project Path="Punto2/Punto2.csproj" Id="3ceaff1b-4356-47c1-b37e-f832414c7e6c" />
  <Project Path="Punto3/Punto3.csproj" Id="7926c828-5c30-4be7-86fd-7b8f781dbc08" />
  <Project Path="Punto4/Punto4.csproj" Id="f9e1c9a3-3cff-466b-802e-dfaf87e9e9a2" />
</Solution>
